
Microsoft Visual Studio Solution File, Format Version 12.00
# Visual Studio Version 17
VisualStudioVersion = 17.7.34024.191
MinimumVisualStudioVersion = 10.0.40219.1
Project("{FAE04EC0-301F-11D3-BF4B-00C04F79EFBC}") = "Note Taking", "Note Taking.csproj", "{382A3B86-2DDC-49CA-9A03-7552A08858CD}"
EndProject
Global
	GlobalSection(SolutionConfigurationPlatforms) = preSolution
		Debug|Any CPU = Debug|Any CPU
		Release|Any CPU = Release|Any CPU
	EndGlobalSection
	GlobalSection(ProjectConfigurationPlatforms) = postSolution
		{382A3B86-2DDC-49CA-9A03-7552A08858CD}.Debug|Any CPU.ActiveCfg = Debug|Any CPU
		{382A3B86-2DDC-49CA-9A03-7552A08858CD}.Debug|Any CPU.Build.0 = Debug|Any CPU
		{382A3B86-2DDC-49CA-9A03-7552A08858CD}.Release|Any CPU.ActiveCfg = Release|Any CPU
		{382A3B86-2DDC-49CA-9A03-7552A08858CD}.Release|Any CPU.Build.0 = Release|Any CPU
	EndGlobalSection
	GlobalSection(SolutionProperties) = preSolution
		HideSolutionNode = FALSE
	EndGlobalSection
	GlobalSection(ExtensibilityGlobals) = postSolution
		SolutionGuid = {56394F7D-D82D-43C6-B0F2-BF54EACEDADF}
	EndGlobalSection
EndGlobal
